
Microsoft Visual Studio Solution File, Format Version 12.00
# Visual Studio Version 17
VisualStudioVersion = 17.2.32516.85
MinimumVisualStudioVersion = 10.0.40219.1
Project("{FAE04EC0-301F-11D3-BF4B-00C04F79EFBC}") = "WebApplication34", "WebApplication34\WebApplication34.csproj", "{804C3927-506B-4562-8A0C-97F7409070E1}"
EndProject
Global
	GlobalSection(SolutionConfigurationPlatforms) = preSolution
		Debug|Any CPU = Debug|Any CPU
		Release|Any CPU = Release|Any CPU
	EndGlobalSection
	GlobalSection(ProjectConfigurationPlatforms) = postSolution
		{804C3927-506B-4562-8A0C-97F7409070E1}.Debug|Any CPU.ActiveCfg = Debug|Any CPU
		{804C3927-506B-4562-8A0C-97F7409070E1}.Debug|Any CPU.Build.0 = Debug|Any CPU
		{804C3927-506B-4562-8A0C-97F7409070E1}.Release|Any CPU.ActiveCfg = Release|Any CPU
		{804C3927-506B-4562-8A0C-97F7409070E1}.Release|Any CPU.Build.0 = Release|Any CPU
	EndGlobalSection
	GlobalSection(SolutionProperties) = preSolution
		HideSolutionNode = FALSE
	EndGlobalSection
	GlobalSection(ExtensibilityGlobals) = postSolution
		SolutionGuid = {F8C3D3F8-F3F4-4857-965E-30D82DD83CA2}
	EndGlobalSection
EndGlobal
